{
  "name": "basic-ts",
  "version": "1.0.0",
  "lockfileVersion": 1,
  "requires": true,
  "dependencies": {
    "typescript": {
      "version": "3.5.1",
      "resolved": "http://r.cnpmjs.org/typescript/download/typescript-3.5.1.tgz",
      "integrity": "sha1-unKmpgCyFYE5xd2IUPcA4jFGQgI=",
      "dev": true
    }
  }
}
